// !$*UTF8*$!
{
	archiveVersion = 1;
	classes = {
	};
	objectVersion = 48;
	objects = {

/* Begin PBXBuildFile section */
		F66B6D6A2004B6E800E57B73 /* AppDelegate.swift in Sources */ = {isa = PBXBuildFile; fileRef = F66B6D692004B6E800E57B73 /* AppDelegate.swift */; };
		F66B6D6C2004B6E800E57B73 /* ViewController.swift in Sources */ = {isa = PBXBuildFile; fileRef = F66B6D6B2004B6E800E57B73 /* ViewController.swift */; };
		F66B6D6F2004B6E800E57B73 /* Main.storyboard in Resources */ = {isa = PBXBuildFile; fileRef = F66B6D6D2004B6E800E57B73 /* Main.storyboard */; };
		F66B6D712004B6E800E57B73 /* Assets.xcassets in Resources */ = {isa = PBXBuildFile; fileRef = F66B6D702004B6E800E57B73 /* Assets.xcassets */; };
		F66B6D742004B6E800E57B73 /* LaunchScreen.storyboard in Resources */ = {isa = PBXBuildFile; fileRef = F66B6D722004B6E800E57B73 /* LaunchScreen.storyboard */; };
		F66B6D7E2004B90D00E57B73 /* TagCell.xib in Resources */ = {isa = PBXBuildFile; fileRef = F66B6D7D2004B90D00E57B73 /* TagCell.xib */; };
		F66B6D802004BAF900E57B73 /* TagCell.swift in Sources */ = {isa = PBXBuildFile; fileRef = F66B6D7F2004BAF900E57B73 /* TagCell.swift */; };
		F66B6D822004CB8400E57B73 /* FlowLayout.swift in Sources */ = {isa = PBXBuildFile; fileRef = F66B6D812004CB8400E57B73 /* FlowLayout.swift */; };
/* End PBXBuildFile section */

/* Begin PBXFileReference section */
		F66B6D662004B6E800E57B73 /* TagFlow.app */ = {isa = PBXFileReference; explicitFileType = wrapper.application; includeInIndex = 0; path = TagFlow.app; sourceTree = BUILT_PRODUCTS_DIR; };
		F66B6D692004B6E800E57B73 /* AppDelegate.swift */ = {isa = PBXFileReference; lastKnownFileType = sourcecode.swift; path = AppDelegate.swift; sourceTree = "<group>"; };
		F66B6D6B2004B6E800E57B73 /* ViewController.swift */ = {isa = PBXFileReference; lastKnownFileType = sourcecode.swift; path = ViewController.swift; sourceTree = "<group>"; };
		F66B6D6E2004B6E800E57B73 /* Base */ = {isa = PBXFileReference; lastKnownFileType = file.storyboard; name = Base; path = Base.lproj/Main.storyboard; sourceTree = "<group>"; };
		F66B6D702004B6E800E57B73 /* Assets.xcassets */ = {isa = PBXFileReference; lastKnownFileType = folder.assetcatalog; path = Assets.xcassets; sourceTree = "<group>"; };
		F66B6D732004B6E800E57B73 /* Base */ = {isa = PBXFileReference; lastKnownFileType = file.storyboard; name = Base; path = Base.lproj/LaunchScreen.storyboard; sourceTree = "<group>"; };
		F66B6D752004B6E800E57B73 /* Info.plist */ = {isa = PBXFileReference; lastKnownFileType = text.plist.xml; path = Info.plist; sourceTree = "<group>"; };
		F66B6D7D2004B90D00E57B73 /* TagCell.xib */ = {isa = PBXFileReference; lastKnownFileType = file.xib; path = TagCell.xib; sourceTree = "<group>"; };
		F66B6D7F2004BAF900E57B73 /* TagCell.swift */ = {isa = PBXFileReference; lastKnownFileType = sourcecode.swift; path = TagCell.swift; sourceTree = "<group>"; };
		F66B6D812004CB8400E57B73 /* FlowLayout.swift */ = {isa = PBXFileReference; lastKnownFileType = sourcecode.swift; path = FlowLayout.swift; sourceTree = "<group>"; };
/* End PBXFileReference section */

/* Begin PBXFrameworksBuildPhase section */
		F66B6D632004B6E800E57B73 /* Frameworks */ = {
			isa = PBXFrameworksBuildPhase;
			buildActionMask = 2147483647;
			files = (
			);
			runOnlyForDeploymentPostprocessing = 0;
		};
/* End PBXFrameworksBuildPhase section */

/* Begin PBXGroup section */
		F66B6D5D2004B6E800E57B73 = {
			isa = PBXGroup;
			children = (
				F66B6D682004B6E800E57B73 /* TagFlow */,
				F66B6D672004B6E800E57B73 /* Products */,
			);
			sourceTree = "<group>";
		};
		F66B6D672004B6E800E57B73 /* Products */ = {
			isa = PBXGroup;
			children = (
				F66B6D662004B6E800E57B73 /* TagFlow.app */,
			);
			name = Products;
			sourceTree = "<group>";
		};
		F66B6D682004B6E800E57B73 /* TagFlow */ = {
			isa = PBXGroup;
			children = (
				F66B6D692004B6E800E57B73 /* AppDelegate.swift */,
				F66B6D6B2004B6E800E57B73 /* ViewController.swift */,
				F66B6D6D2004B6E800E57B73 /* Main.storyboard */,
				F66B6D702004B6E800E57B73 /* Assets.xcassets */,
				F66B6D722004B6E800E57B73 /* LaunchScreen.storyboard */,
				F66B6D752004B6E800E57B73 /* Info.plist */,
				F66B6D7D2004B90D00E57B73 /* TagCell.xib */,
				F66B6D7F2004BAF900E57B73 /* TagCell.swift */,
				F66B6D812004CB8400E57B73 /* FlowLayout.swift */,
			);
			path = TagFlow;
			sourceTree = "<group>";
		};
/* End PBXGroup section */

/* Begin PBXNativeTarget section */
		F66B6D652004B6E800E57B73 /* TagFlow */ = {
			isa = PBXNativeTarget;
			buildConfigurationList = F66B6D782004B6E800E57B73 /* Build configuration list for PBXNativeTarget "TagFlow" */;
			buildPhases = (
				F66B6D622004B6E800E57B73 /* Sources */,
				F66B6D632004B6E800E57B73 /* Frameworks */,
				F66B6D642004B6E800E57B73 /* Resources */,
			);
			buildRules = (
			);
			dependencies = (
			);
			name = TagFlow;
			productName = TagFlow;
			productReference = F66B6D662004B6E800E57B73 /* TagFlow.app */;
			productType = "com.apple.product-type.application";
		};
/* End PBXNativeTarget section */

/* Begin PBXProject section */
		F66B6D5E2004B6E800E57B73 /* Project object */ = {
			isa = PBXProject;
			attributes = {
				LastSwiftUpdateCheck = 0920;
				LastUpgradeCheck = 0920;
				ORGANIZATIONNAME = "Sarah Smith";
				TargetAttributes = {
					F66B6D652004B6E800E57B73 = {
						CreatedOnToolsVersion = 9.2;
						ProvisioningStyle = Automatic;
					};
				};
			};
			buildConfigurationList = F66B6D612004B6E800E57B73 /* Build configuration list for PBXProject "TagFlow" */;
			compatibilityVersion = "Xcode 8.0";
			developmentRegion = en;
			hasScannedForEncodings = 0;
			knownRegions = (
				en,
				Base,
			);
			mainGroup = F66B6D5D2004B6E800E57B73;
			productRefGroup = F66B6D672004B6E800E57B73 /* Products */;
			projectDirPath = "";
			projectRoot = "";
			targets = (
				F66B6D652004B6E800E57B73 /* TagFlow */,
			);
		};
/* End PBXProject section */

/* Begin PBXResourcesBuildPhase section */
		F66B6D642004B6E800E57B73 /* Resources */ = {
			isa = PBXResourcesBuildPhase;
			buildActionMask = 2147483647;
			files = (
				F66B6D7E2004B90D00E57B73 /* TagCell.xib in Resources */,
				F66B6D742004B6E800E57B73 /* LaunchScreen.storyboard in Resources */,
				F66B6D712004B6E800E57B73 /* Assets.xcassets in Resources */,
				F66B6D6F2004B6E800E57B73 /* Main.storyboard in Resources */,
			);
			runOnlyForDeploymentPostprocessing = 0;
		};
/* End PBXResourcesBuildPhase section */

/* Begin PBXSourcesBuildPhase section */
		F66B6D622004B6E800E57B73 /* Sources */ = {
			isa = PBXSourcesBuildPhase;
			buildActionMask = 2147483647;
			files = (
				F66B6D6C2004B6E800E57B73 /* ViewController.swift in Sources */,
				F66B6D822004CB8400E57B73 /* FlowLayout.swift in Sources */,
				F66B6D6A2004B6E800E57B73 /* AppDelegate.swift in Sources */,
				F66B6D802004BAF900E57B73 /* TagCell.swift in Sources */,
			);
			runOnlyForDeploymentPostprocessing = 0;
		};
/* End PBXSourcesBuildPhase section */

/* Begin PBXVariantGroup section */
		F66B6D6D2004B6E800E57B73 /* Main.storyboard */ = {
			isa = PBXVariantGroup;
			children = (
				F66B6D6E2004B6E800E57B73 /* Base */,
			);
			name = Main.storyboard;
			sourceTree = "<group>";
		};
		F66B6D722004B6E800E57B73 /* LaunchScreen.storyboard */ = {
			isa = PBXVariantGroup;
			children = (
				F66B6D732004B6E800E57B73 /* Base */,
			);
			name = LaunchScreen.storyboard;
			sourceTree = "<group>";
		};
/* End PBXVariantGroup section */

/* Begin XCBuildConfiguration section */
		F66B6D762004B6E800E57B73 /* Debug */ = {
			isa = XCBuildConfiguration;
			buildSettings = {
				ALWAYS_SEARCH_USER_PATHS = NO;
				CLANG_ANALYZER_NONNULL = YES;
				CLANG_ANALYZER_NUMBER_OBJECT_CONVERSION = YES_AGGRESSIVE;
				CLANG_CXX_LANGUAGE_STANDARD = "gnu++14";
				CLANG_CXX_LIBRARY = "libc++";
				CLANG_ENABLE_MODULES = YES;
				CLANG_ENABLE_OBJC_ARC = YES;
				CLANG_WARN_BLOCK_CAPTURE_AUTORELEASING = YES;
				CLANG_WARN_BOOL_CONVERSION = YES;
				CLANG_WARN_COMMA = YES;
				CLANG_WARN_CONSTANT_CONVERSION = YES;
				CLANG_WARN_DIRECT_OBJC_ISA_USAGE = YES_ERROR;
				CLANG_WARN_DOCUMENTATION_COMMENTS = YES;
				CLANG_WARN_EMPTY_BODY = YES;
				CLANG_WARN_ENUM_CONVERSION = YES;
				CLANG_WARN_INFINITE_RECURSION = YES;
				CLANG_WARN_INT_CONVERSION = YES;
				CLANG_WARN_NON_LITERAL_NULL_CONVERSION = YES;
				CLANG_WARN_OBJC_LITERAL_CONVERSION = YES;
				CLANG_WARN_OBJC_ROOT_CLASS = YES_ERROR;
				CLANG_WARN_RANGE_LOOP_ANALYSIS = YES;
				CLANG_WARN_STRICT_PROTOTYPES = YES;
				CLANG_WARN_SUSPICIOUS_MOVE = YES;
				CLANG_WARN_UNGUARDED_AVAILABILITY = YES_AGGRESSIVE;
				CLANG_WARN_UNREACHABLE_CODE = YES;
				CLANG_WARN__DUPLICATE_METHOD_MATCH = YES;
				CODE_SIGN_IDENTITY = "iPhone Developer";
				COPY_PHASE_STRIP = NO;
				DEBUG_INFORMATION_FORMAT = dwarf;
				ENABLE_STRICT_OBJC_MSGSEND = YES;
				ENABLE_TESTABILITY = YES;
				GCC_C_LANGUAGE_STANDARD = gnu11;
				GCC_DYNAMIC_NO_PIC = NO;
				GCC_NO_COMMON_BLOCKS = YES;
				GCC_OPTIMIZATION_LEVEL = 0;
				GCC_PREPROCESSOR_DEFINITIONS = (
					"DEBUG=1",
					"$(inherited)",
				);
				GCC_WARN_64_TO_32_BIT_CONVERSION = YES;
				GCC_WARN_ABOUT_RETURN_TYPE = YES_ERROR;
				GCC_WARN_UNDECLARED_SELECTOR = YES;
				GCC_WARN_UNINITIALIZED_AUTOS = YES_AGGRESSIVE;
				GCC_WARN_UNUSED_FUNCTION = YES;
				GCC_WARN_UNUSED_VARIABLE = YES;
				IPHONEOS_DEPLOYMENT_TARGET = 11.2;
				MTL_ENABLE_DEBUG_INFO = YES;
				ONLY_ACTIVE_ARCH = YES;
				SDKROOT = iphoneos;
				SWIFT_ACTIVE_COMPILATION_CONDITIONS = DEBUG;
				SWIFT_OPTIMIZATION_LEVEL = "-Onone";
			};
			name = Debug;
		};
		F66B6D772004B6E800E57B73 /* Release */ = {
			isa = XCBuildConfiguration;
			buildSettings = {
				ALWAYS_SEARCH_USER_PATHS = NO;
				CLANG_ANALYZER_NONNULL = YES;
				CLANG_ANALYZER_NUMBER_OBJECT_CONVERSION = YES_AGGRESSIVE;
				CLANG_CXX_LANGUAGE_STANDARD = "gnu++14";
				CLANG_CXX_LIBRARY = "libc++";
				CLANG_ENABLE_MODULES = YES;
				CLANG_ENABLE_OBJC_ARC = YES;
				CLANG_WARN_BLOCK_CAPTURE_AUTORELEASING = YES;
				CLANG_WARN_BOOL_CONVERSION = YES;
				CLANG_WARN_COMMA = YES;
				CLANG_WARN_CONSTANT_CONVERSION = YES;
				CLANG_WARN_DIRECT_OBJC_ISA_USAGE = YES_ERROR;
				CLANG_WARN_DOCUMENTATION_COMMENTS = YES;
				CLANG_WARN_EMPTY_BODY = YES;
				CLANG_WARN_ENUM_CONVERSION = YES;
				CLANG_WARN_INFINITE_RECURSION = YES;
				CLANG_WARN_INT_CONVERSION = YES;
				CLANG_WARN_NON_LITERAL_NULL_CONVERSION = YES;
				CLANG_WARN_OBJC_LITERAL_CONVERSION = YES;
				CLANG_WARN_OBJC_ROOT_CLASS = YES_ERROR;
				CLANG_WARN_RANGE_LOOP_ANALYSIS = YES;
				CLANG_WARN_STRICT_PROTOTYPES = YES;
				CLANG_WARN_SUSPICIOUS_MOVE = YES;
				CLANG_WARN_UNGUARDED_AVAILABILITY = YES_AGGRESSIVE;
				CLANG_WARN_UNREACHABLE_CODE = YES;
				CLANG_WARN__DUPLICATE_METHOD_MATCH = YES;
				CODE_SIGN_IDENTITY = "iPhone Developer";
				COPY_PHASE_STRIP = NO;
				DEBUG_INFORMATION_FORMAT = "dwarf-with-dsym";
				ENABLE_NS_ASSERTIONS = NO;
				ENABLE_STRICT_OBJC_MSGSEND = YES;
				GCC_C_LANGUAGE_STANDARD = gnu11;
				GCC_NO_COMMON_BLOCKS = YES;
				GCC_WARN_64_TO_32_BIT_CONVERSION = YES;
				GCC_WARN_ABOUT_RETURN_TYPE = YES_ERROR;
				GCC_WARN_UNDECLARED_SELECTOR = YES;
				GCC_WARN_UNINITIALIZED_AUTOS = YES_AGGRESSIVE;
				GCC_WARN_UNUSED_FUNCTION = YES;
				GCC_WARN_UNUSED_VARIABLE = YES;
				IPHONEOS_DEPLOYMENT_TARGET = 11.2;
				MTL_ENABLE_DEBUG_INFO = NO;
				SDKROOT = iphoneos;
				SWIFT_OPTIMIZATION_LEVEL = "-Owholemodule";
				VALIDATE_PRODUCT = YES;
			};
			name = Release;
		};
		F66B6D792004B6E800E57B73 /* Debug */ = {
			isa = XCBuildConfiguration;
			buildSettings = {
				ASSETCATALOG_COMPILER_APPICON_NAME = AppIcon;
				CODE_SIGN_STYLE = Automatic;
				DEVELOPMENT_TEAM = 4563WH9VE2;
				INFOPLIST_FILE = TagFlow/Info.plist;
				LD_RUNPATH_SEARCH_PATHS = "$(inherited) @executable_path/Frameworks";
				PRODUCT_BUNDLE_IDENTIFIER = au.com.Smithsoft.TagFlow;
				PRODUCT_NAME = "$(TARGET_NAME)";
				SWIFT_VERSION = 4.0;
				TARGETED_DEVICE_FAMILY = "1,2";
			};
			name = Debug;
		};
		F66B6D7A2004B6E800E57B73 /* Release */ = {
			isa = XCBuildConfiguration;
			buildSettings = {
				ASSETCATALOG_COMPILER_APPICON_NAME = AppIcon;
				CODE_SIGN_STYLE = Automatic;
				DEVELOPMENT_TEAM = 4563WH9VE2;
				INFOPLIST_FILE = TagFlow/Info.plist;
				LD_RUNPATH_SEARCH_PATHS = "$(inherited) @executable_path/Frameworks";
				PRODUCT_BUNDLE_IDENTIFIER = au.com.Smithsoft.TagFlow;
				PRODUCT_NAME = "$(TARGET_NAME)";
				SWIFT_VERSION = 4.0;
				TARGETED_DEVICE_FAMILY = "1,2";
			};
			name = Release;
		};
/* End XCBuildConfiguration section */

/* Begin XCConfigurationList section */
		F66B6D612004B6E800E57B73 /* Build configuration list for PBXProject "TagFlow" */ = {
			isa = XCConfigurationList;
			buildConfigurations = (
				F66B6D762004B6E800E57B73 /* Debug */,
				F66B6D772004B6E800E57B73 /* Release */,
			);
			defaultConfigurationIsVisible = 0;
			defaultConfigurationName = Release;
		};
		F66B6D782004B6E800E57B73 /* Build configuration list for PBXNativeTarget "TagFlow" */ = {
			isa = XCConfigurationList;
			buildConfigurations = (
				F66B6D792004B6E800E57B73 /* Debug */,
				F66B6D7A2004B6E800E57B73 /* Release */,
			);
			defaultConfigurationIsVisible = 0;
			defaultConfigurationName = Release;
		};
/* End XCConfigurationList section */
	};
	rootObject = F66B6D5E2004B6E800E57B73 /* Project object */;
}
